
Microsoft Visual Studio Solution File, Format Version 12.00
Project("{FAE04EC0-301F-11D3-BF4B-00C04F79EFBC}") = "KidsWallet.API", "src\KidsWallet.API\KidsWallet.API.csproj", "{5184DC72-F9E8-41AA-8A9F-C0F8A8D9F476}"
EndProject
Project("{FAE04EC0-301F-11D3-BF4B-00C04F79EFBC}") = "KidsWallet", "src\KidsWallet\KidsWallet.csproj", "{102C4F50-0D33-4588-A56A-4A778058D721}"
EndProject
Project("{FAE04EC0-301F-11D3-BF4B-00C04F79EFBC}") = "KidsWallet.API.Proxy", "src\KidsWallet.API.Proxy\KidsWallet.API.Proxy.csproj", "{67B55091-B59D-49FF-B4DB-358CA66314A5}"
EndProject
Project("{2150E333-8FDC-42A3-9474-1A3956D46DE8}") = "src", "src", "{5E444E0E-2C3D-4A60-8AC0-6EAAB0F41CC0}"
EndProject
Project("{2150E333-8FDC-42A3-9474-1A3956D46DE8}") = ".github", ".github", "{F3AD83E8-17AC-4A5C-9F6D-A51D7A695B6E}"
EndProject
Project("{2150E333-8FDC-42A3-9474-1A3956D46DE8}") = "workflows", "workflows", "{0D98E45C-BABD-4628-9BE0-F83DA02E44E2}"
	ProjectSection(SolutionItems) = preProject
		.github\workflows\audit.yml = .github\workflows\audit.yml
		.github\workflows\deploy.yml = .github\workflows\deploy.yml
		.github\workflows\pull-request.yml = .github\workflows\pull-request.yml
		.github\workflows\reusable-build&push_docker_image.yml = .github\workflows\reusable-build&push_docker_image.yml
		.github\workflows\reusable-code-ql.yml = .github\workflows\reusable-code-ql.yml
		.github\workflows\reusable-sanity.yml = .github\workflows\reusable-sanity.yml
		.github\workflows\reusable-test.yml = .github\workflows\reusable-test.yml
		.github\workflows\reusable-trivy.yml = .github\workflows\reusable-trivy.yml
		.github\workflows\reusable-release-proxy.yml = .github\workflows\reusable-release-proxy.yml
	EndProjectSection
EndProject
Project("{2150E333-8FDC-42A3-9474-1A3956D46DE8}") = "tests", "tests", "{41EB52F5-EE0E-4301-A713-0F3F367A4CCE}"
EndProject
Project("{FAE04EC0-301F-11D3-BF4B-00C04F79EFBC}") = "KidsWallet.API.Proxy.Tests.E2E", "tests\KidsWallet.API.Proxy.Tests.E2E\KidsWallet.API.Proxy.Tests.E2E.csproj", "{2C8E9612-593B-42BC-9F1C-9156E77C2B49}"
EndProject
Project("{FAE04EC0-301F-11D3-BF4B-00C04F79EFBC}") = "KidsWallet.API.Tests.E2E", "tests\KidsWallet.API.Tests.E2E\KidsWallet.API.Tests.E2E.csproj", "{B1215432-7FEB-432D-9CF5-C36F74961D91}"
EndProject
Global
	GlobalSection(SolutionConfigurationPlatforms) = preSolution
		Debug|Any CPU = Debug|Any CPU
		Release|Any CPU = Release|Any CPU
	EndGlobalSection
	GlobalSection(ProjectConfigurationPlatforms) = postSolution
		{5184DC72-F9E8-41AA-8A9F-C0F8A8D9F476}.Debug|Any CPU.ActiveCfg = Debug|Any CPU
		{5184DC72-F9E8-41AA-8A9F-C0F8A8D9F476}.Debug|Any CPU.Build.0 = Debug|Any CPU
		{5184DC72-F9E8-41AA-8A9F-C0F8A8D9F476}.Release|Any CPU.ActiveCfg = Release|Any CPU
		{5184DC72-F9E8-41AA-8A9F-C0F8A8D9F476}.Release|Any CPU.Build.0 = Release|Any CPU
		{102C4F50-0D33-4588-A56A-4A778058D721}.Debug|Any CPU.ActiveCfg = Debug|Any CPU
		{102C4F50-0D33-4588-A56A-4A778058D721}.Debug|Any CPU.Build.0 = Debug|Any CPU
		{102C4F50-0D33-4588-A56A-4A778058D721}.Release|Any CPU.ActiveCfg = Release|Any CPU
		{102C4F50-0D33-4588-A56A-4A778058D721}.Release|Any CPU.Build.0 = Release|Any CPU
		{67B55091-B59D-49FF-B4DB-358CA66314A5}.Debug|Any CPU.ActiveCfg = Debug|Any CPU
		{67B55091-B59D-49FF-B4DB-358CA66314A5}.Debug|Any CPU.Build.0 = Debug|Any CPU
		{67B55091-B59D-49FF-B4DB-358CA66314A5}.Release|Any CPU.ActiveCfg = Release|Any CPU
		{67B55091-B59D-49FF-B4DB-358CA66314A5}.Release|Any CPU.Build.0 = Release|Any CPU
		{2C8E9612-593B-42BC-9F1C-9156E77C2B49}.Debug|Any CPU.ActiveCfg = Debug|Any CPU
		{2C8E9612-593B-42BC-9F1C-9156E77C2B49}.Debug|Any CPU.Build.0 = Debug|Any CPU
		{2C8E9612-593B-42BC-9F1C-9156E77C2B49}.Release|Any CPU.ActiveCfg = Release|Any CPU
		{2C8E9612-593B-42BC-9F1C-9156E77C2B49}.Release|Any CPU.Build.0 = Release|Any CPU
		{B1215432-7FEB-432D-9CF5-C36F74961D91}.Debug|Any CPU.ActiveCfg = Debug|Any CPU
		{B1215432-7FEB-432D-9CF5-C36F74961D91}.Debug|Any CPU.Build.0 = Debug|Any CPU
		{B1215432-7FEB-432D-9CF5-C36F74961D91}.Release|Any CPU.ActiveCfg = Release|Any CPU
		{B1215432-7FEB-432D-9CF5-C36F74961D91}.Release|Any CPU.Build.0 = Release|Any CPU
	EndGlobalSection
	GlobalSection(NestedProjects) = preSolution
		{102C4F50-0D33-4588-A56A-4A778058D721} = {5E444E0E-2C3D-4A60-8AC0-6EAAB0F41CC0}
		{5184DC72-F9E8-41AA-8A9F-C0F8A8D9F476} = {5E444E0E-2C3D-4A60-8AC0-6EAAB0F41CC0}
		{67B55091-B59D-49FF-B4DB-358CA66314A5} = {5E444E0E-2C3D-4A60-8AC0-6EAAB0F41CC0}
		{0D98E45C-BABD-4628-9BE0-F83DA02E44E2} = {F3AD83E8-17AC-4A5C-9F6D-A51D7A695B6E}
		{2C8E9612-593B-42BC-9F1C-9156E77C2B49} = {41EB52F5-EE0E-4301-A713-0F3F367A4CCE}
		{B1215432-7FEB-432D-9CF5-C36F74961D91} = {41EB52F5-EE0E-4301-A713-0F3F367A4CCE}
	EndGlobalSection
EndGlobal
