
Microsoft Visual Studio Solution File, Format Version 12.00
Project("{2150E333-8FDC-42A3-9474-1A3956D46DE8}") = "Tests", "Tests", "{B20F2F4D-FD60-437D-BF32-84243239A281}"
EndProject
Project("{FAE04EC0-301F-11D3-BF4B-00C04F79EFBC}") = "KidsWallet.Tests.E2E", "Src\Tests\KidsWallet.Tests.E2E\KidsWallet.Tests.E2E.csproj", "{03318C9B-3627-4765-BE3E-720317FAC9DC}"
EndProject
Project("{FAE04EC0-301F-11D3-BF4B-00C04F79EFBC}") = "KidsWallet.API", "Src\KidsWallet.API\KidsWallet.API.csproj", "{5184DC72-F9E8-41AA-8A9F-C0F8A8D9F476}"
EndProject
Project("{FAE04EC0-301F-11D3-BF4B-00C04F79EFBC}") = "KidsWallet", "Src\KidsWallet\KidsWallet.csproj", "{102C4F50-0D33-4588-A56A-4A778058D721}"
EndProject
Global
	GlobalSection(SolutionConfigurationPlatforms) = preSolution
		Debug|Any CPU = Debug|Any CPU
		Release|Any CPU = Release|Any CPU
	EndGlobalSection
	GlobalSection(ProjectConfigurationPlatforms) = postSolution
		{03318C9B-3627-4765-BE3E-720317FAC9DC}.Debug|Any CPU.ActiveCfg = Debug|Any CPU
		{03318C9B-3627-4765-BE3E-720317FAC9DC}.Debug|Any CPU.Build.0 = Debug|Any CPU
		{03318C9B-3627-4765-BE3E-720317FAC9DC}.Release|Any CPU.ActiveCfg = Release|Any CPU
		{03318C9B-3627-4765-BE3E-720317FAC9DC}.Release|Any CPU.Build.0 = Release|Any CPU
		{5184DC72-F9E8-41AA-8A9F-C0F8A8D9F476}.Debug|Any CPU.ActiveCfg = Debug|Any CPU
		{5184DC72-F9E8-41AA-8A9F-C0F8A8D9F476}.Debug|Any CPU.Build.0 = Debug|Any CPU
		{5184DC72-F9E8-41AA-8A9F-C0F8A8D9F476}.Release|Any CPU.ActiveCfg = Release|Any CPU
		{5184DC72-F9E8-41AA-8A9F-C0F8A8D9F476}.Release|Any CPU.Build.0 = Release|Any CPU
		{102C4F50-0D33-4588-A56A-4A778058D721}.Debug|Any CPU.ActiveCfg = Debug|Any CPU
		{102C4F50-0D33-4588-A56A-4A778058D721}.Debug|Any CPU.Build.0 = Debug|Any CPU
		{102C4F50-0D33-4588-A56A-4A778058D721}.Release|Any CPU.ActiveCfg = Release|Any CPU
		{102C4F50-0D33-4588-A56A-4A778058D721}.Release|Any CPU.Build.0 = Release|Any CPU
	EndGlobalSection
	GlobalSection(NestedProjects) = preSolution
		{03318C9B-3627-4765-BE3E-720317FAC9DC} = {B20F2F4D-FD60-437D-BF32-84243239A281}
	EndGlobalSection
EndGlobal
